
Microsoft Visual Studio Solution File, Format Version 12.00
# Visual Studio Version 16
VisualStudioVersion = 16.0.30804.86
MinimumVisualStudioVersion = 10.0.40219.1
Project("{FAE04EC0-301F-11D3-BF4B-00C04F79EFBC}") = "Pokedex.API", "Pokedex.API\Pokedex.API.csproj", "{466C66A9-C59F-44EB-A26D-7AF01543EF82}"
EndProject
Project("{2150E333-8FDC-42A3-9474-1A3956D46DE8}") = "0-Modeling", "0-Modeling", "{6A6347B1-F664-4D79-AC47-41F6655118D7}"
EndProject
Project("{2150E333-8FDC-42A3-9474-1A3956D46DE8}") = "1-Layers", "1-Layers", "{B86C9709-51A7-4978-B7C0-5C271D086AB4}"
EndProject
Project("{2150E333-8FDC-42A3-9474-1A3956D46DE8}") = "1.1-Presentation", "1.1-Presentation", "{D754E2BB-B00A-4528-84C6-F5F06B15164C}"
EndProject
Project("{2150E333-8FDC-42A3-9474-1A3956D46DE8}") = "1.2-Distributed Services", "1.2-Distributed Services", "{D2A5E5E2-519D-4A50-B002-740B2290F451}"
EndProject
Global
	GlobalSection(SolutionConfigurationPlatforms) = preSolution
		Debug|Any CPU = Debug|Any CPU
		Release|Any CPU = Release|Any CPU
	EndGlobalSection
	GlobalSection(ProjectConfigurationPlatforms) = postSolution
		{466C66A9-C59F-44EB-A26D-7AF01543EF82}.Debug|Any CPU.ActiveCfg = Debug|Any CPU
		{466C66A9-C59F-44EB-A26D-7AF01543EF82}.Debug|Any CPU.Build.0 = Debug|Any CPU
		{466C66A9-C59F-44EB-A26D-7AF01543EF82}.Release|Any CPU.ActiveCfg = Release|Any CPU
		{466C66A9-C59F-44EB-A26D-7AF01543EF82}.Release|Any CPU.Build.0 = Release|Any CPU
	EndGlobalSection
	GlobalSection(SolutionProperties) = preSolution
		HideSolutionNode = FALSE
	EndGlobalSection
	GlobalSection(NestedProjects) = preSolution
		{466C66A9-C59F-44EB-A26D-7AF01543EF82} = {D2A5E5E2-519D-4A50-B002-740B2290F451}
		{D754E2BB-B00A-4528-84C6-F5F06B15164C} = {B86C9709-51A7-4978-B7C0-5C271D086AB4}
		{D2A5E5E2-519D-4A50-B002-740B2290F451} = {B86C9709-51A7-4978-B7C0-5C271D086AB4}
	EndGlobalSection
	GlobalSection(ExtensibilityGlobals) = postSolution
		SolutionGuid = {CBBF4BE6-6AC9-4BCA-9F47-71F562E06065}
	EndGlobalSection
EndGlobal
